// !$*UTF8*$!
{
	archiveVersion = 1;
	classes = {
	};
	objectVersion = 46;
	objects = {

/* Begin PBXBuildFile section */
		08702DED1F6A84CB0095A648 /* BleFormatter.framework in Frameworks */ = {isa = PBXBuildFile; fileRef = 08702DEA1F6A845D0095A648 /* BleFormatter.framework */; };
		08702DEE1F6A84CB0095A648 /* BleFormatter.framework in Embed Frameworks */ = {isa = PBXBuildFile; fileRef = 08702DEA1F6A845D0095A648 /* BleFormatter.framework */; settings = {ATTRIBUTES = (CodeSignOnCopy, RemoveHeadersOnCopy, ); }; };
		08C66A5D1E1238BC0021448C /* AppDelegate.swift in Sources */ = {isa = PBXBuildFile; fileRef = 08C66A5C1E1238BC0021448C /* AppDelegate.swift */; };
		08C66A5F1E1238BC0021448C /* ViewController.swift in Sources */ = {isa = PBXBuildFile; fileRef = 08C66A5E1E1238BC0021448C /* ViewController.swift */; };
		08C66A621E1238BC0021448C /* Main.storyboard in Resources */ = {isa = PBXBuildFile; fileRef = 08C66A601E1238BC0021448C /* Main.storyboard */; };
		08C66A641E1238BC0021448C /* Assets.xcassets in Resources */ = {isa = PBXBuildFile; fileRef = 08C66A631E1238BC0021448C /* Assets.xcassets */; };
		08C66A671E1238BC0021448C /* LaunchScreen.storyboard in Resources */ = {isa = PBXBuildFile; fileRef = 08C66A651E1238BC0021448C /* LaunchScreen.storyboard */; };
		08C66A721E1238BC0021448C /* SmaSmaTests.swift in Sources */ = {isa = PBXBuildFile; fileRef = 08C66A711E1238BC0021448C /* SmaSmaTests.swift */; };
		08C66A7D1E1238BC0021448C /* SmaSmaUITests.swift in Sources */ = {isa = PBXBuildFile; fileRef = 08C66A7C1E1238BC0021448C /* SmaSmaUITests.swift */; };
/* End PBXBuildFile section */

/* Begin PBXContainerItemProxy section */
		08702DE91F6A845D0095A648 /* PBXContainerItemProxy */ = {
			isa = PBXContainerItemProxy;
			containerPortal = 08702DE41F6A845D0095A648 /* BleFormatter.xcodeproj */;
			proxyType = 2;
			remoteGlobalIDString = 08025CD11E0A1EDC002A1E89;
			remoteInfo = BleFormatter;
		};
		08702DEB1F6A845D0095A648 /* PBXContainerItemProxy */ = {
			isa = PBXContainerItemProxy;
			containerPortal = 08702DE41F6A845D0095A648 /* BleFormatter.xcodeproj */;
			proxyType = 2;
			remoteGlobalIDString = 08025CDA1E0A1EDD002A1E89;
			remoteInfo = BleFormatterTests;
		};
		08702DEF1F6A84CB0095A648 /* PBXContainerItemProxy */ = {
			isa = PBXContainerItemProxy;
			containerPortal = 08702DE41F6A845D0095A648 /* BleFormatter.xcodeproj */;
			proxyType = 1;
			remoteGlobalIDString = 08025CD01E0A1EDC002A1E89;
			remoteInfo = BleFormatter;
		};
		08C66A6E1E1238BC0021448C /* PBXContainerItemProxy */ = {
			isa = PBXContainerItemProxy;
			containerPortal = 08C66A511E1238BC0021448C /* Project object */;
			proxyType = 1;
			remoteGlobalIDString = 08C66A581E1238BC0021448C;
			remoteInfo = SmaSma;
		};
		08C66A791E1238BC0021448C /* PBXContainerItemProxy */ = {
			isa = PBXContainerItemProxy;
			containerPortal = 08C66A511E1238BC0021448C /* Project object */;
			proxyType = 1;
			remoteGlobalIDString = 08C66A581E1238BC0021448C;
			remoteInfo = SmaSma;
		};
/* End PBXContainerItemProxy section */

/* Begin PBXCopyFilesBuildPhase section */
		08F9F2701E1252EF0064515D /* Embed Frameworks */ = {
			isa = PBXCopyFilesBuildPhase;
			buildActionMask = 2147483647;
			dstPath = "";
			dstSubfolderSpec = 10;
			files = (
				08702DEE1F6A84CB0095A648 /* BleFormatter.framework in Embed Frameworks */,
			);
			name = "Embed Frameworks";
			runOnlyForDeploymentPostprocessing = 0;
		};
/* End PBXCopyFilesBuildPhase section */

/* Begin PBXFileReference section */
		08702DE41F6A845D0095A648 /* BleFormatter.xcodeproj */ = {isa = PBXFileReference; lastKnownFileType = "wrapper.pb-project"; name = BleFormatter.xcodeproj; path = ../BleFormatter/BleFormatter.xcodeproj; sourceTree = "<group>"; };
		08A487531E125447004FFCB4 /* BleFormatter.framework */ = {isa = PBXFileReference; explicitFileType = wrapper.framework; path = BleFormatter.framework; sourceTree = BUILT_PRODUCTS_DIR; };
		08C66A591E1238BC0021448C /* SmaSma.app */ = {isa = PBXFileReference; explicitFileType = wrapper.application; includeInIndex = 0; path = SmaSma.app; sourceTree = BUILT_PRODUCTS_DIR; };
		08C66A5C1E1238BC0021448C /* AppDelegate.swift */ = {isa = PBXFileReference; lastKnownFileType = sourcecode.swift; path = AppDelegate.swift; sourceTree = "<group>"; };
		08C66A5E1E1238BC0021448C /* ViewController.swift */ = {isa = PBXFileReference; lastKnownFileType = sourcecode.swift; path = ViewController.swift; sourceTree = "<group>"; };
		08C66A611E1238BC0021448C /* Base */ = {isa = PBXFileReference; lastKnownFileType = file.storyboard; name = Base; path = Base.lproj/Main.storyboard; sourceTree = "<group>"; };
		08C66A631E1238BC0021448C /* Assets.xcassets */ = {isa = PBXFileReference; lastKnownFileType = folder.assetcatalog; path = Assets.xcassets; sourceTree = "<group>"; };
		08C66A661E1238BC0021448C /* Base */ = {isa = PBXFileReference; lastKnownFileType = file.storyboard; name = Base; path = Base.lproj/LaunchScreen.storyboard; sourceTree = "<group>"; };
		08C66A681E1238BC0021448C /* Info.plist */ = {isa = PBXFileReference; lastKnownFileType = text.plist.xml; path = Info.plist; sourceTree = "<group>"; };
		08C66A6D1E1238BC0021448C /* SmaSmaTests.xctest */ = {isa = PBXFileReference; explicitFileType = wrapper.cfbundle; includeInIndex = 0; path = SmaSmaTests.xctest; sourceTree = BUILT_PRODUCTS_DIR; };
		08C66A711E1238BC0021448C /* SmaSmaTests.swift */ = {isa = PBXFileReference; lastKnownFileType = sourcecode.swift; path = SmaSmaTests.swift; sourceTree = "<group>"; };
		08C66A731E1238BC0021448C /* Info.plist */ = {isa = PBXFileReference; lastKnownFileType = text.plist.xml; path = Info.plist; sourceTree = "<group>"; };
		08C66A781E1238BC0021448C /* SmaSmaUITests.xctest */ = {isa = PBXFileReference; explicitFileType = wrapper.cfbundle; includeInIndex = 0; path = SmaSmaUITests.xctest; sourceTree = BUILT_PRODUCTS_DIR; };
		08C66A7C1E1238BC0021448C /* SmaSmaUITests.swift */ = {isa = PBXFileReference; lastKnownFileType = sourcecode.swift; path = SmaSmaUITests.swift; sourceTree = "<group>"; };
		08C66A7E1E1238BC0021448C /* Info.plist */ = {isa = PBXFileReference; lastKnownFileType = text.plist.xml; path = Info.plist; sourceTree = "<group>"; };
/* End PBXFileReference section */

/* Begin PBXFrameworksBuildPhase section */
		08C66A561E1238BC0021448C /* Frameworks */ = {
			isa = PBXFrameworksBuildPhase;
			buildActionMask = 2147483647;
			files = (
				08702DED1F6A84CB0095A648 /* BleFormatter.framework in Frameworks */,
			);
			runOnlyForDeploymentPostprocessing = 0;
		};
		08C66A6A1E1238BC0021448C /* Frameworks */ = {
			isa = PBXFrameworksBuildPhase;
			buildActionMask = 2147483647;
			files = (
			);
			runOnlyForDeploymentPostprocessing = 0;
		};
		08C66A751E1238BC0021448C /* Frameworks */ = {
			isa = PBXFrameworksBuildPhase;
			buildActionMask = 2147483647;
			files = (
			);
			runOnlyForDeploymentPostprocessing = 0;
		};
/* End PBXFrameworksBuildPhase section */

/* Begin PBXGroup section */
		08702DE51F6A845D0095A648 /* Products */ = {
			isa = PBXGroup;
			children = (
				08702DEA1F6A845D0095A648 /* BleFormatter.framework */,
				08702DEC1F6A845D0095A648 /* BleFormatterTests.xctest */,
			);
			name = Products;
			sourceTree = "<group>";
		};
		08C66A501E1238BC0021448C = {
			isa = PBXGroup;
			children = (
				08A487531E125447004FFCB4 /* BleFormatter.framework */,
				08C66A5B1E1238BC0021448C /* SmaSma */,
				08C66A701E1238BC0021448C /* SmaSmaTests */,
				08C66A7B1E1238BC0021448C /* SmaSmaUITests */,
				08C66A5A1E1238BC0021448C /* Products */,
				08C66ACF1E123E630021448C /* Frameworks */,
			);
			sourceTree = "<group>";
		};
		08C66A5A1E1238BC0021448C /* Products */ = {
			isa = PBXGroup;
			children = (
				08C66A591E1238BC0021448C /* SmaSma.app */,
				08C66A6D1E1238BC0021448C /* SmaSmaTests.xctest */,
				08C66A781E1238BC0021448C /* SmaSmaUITests.xctest */,
			);
			name = Products;
			sourceTree = "<group>";
		};
		08C66A5B1E1238BC0021448C /* SmaSma */ = {
			isa = PBXGroup;
			children = (
				08C66A5C1E1238BC0021448C /* AppDelegate.swift */,
				08C66A5E1E1238BC0021448C /* ViewController.swift */,
				08C66A601E1238BC0021448C /* Main.storyboard */,
				08C66A631E1238BC0021448C /* Assets.xcassets */,
				08C66A651E1238BC0021448C /* LaunchScreen.storyboard */,
				08C66A681E1238BC0021448C /* Info.plist */,
			);
			path = SmaSma;
			sourceTree = "<group>";
		};
		08C66A701E1238BC0021448C /* SmaSmaTests */ = {
			isa = PBXGroup;
			children = (
				08C66A711E1238BC0021448C /* SmaSmaTests.swift */,
				08C66A731E1238BC0021448C /* Info.plist */,
			);
			path = SmaSmaTests;
			sourceTree = "<group>";
		};
		08C66A7B1E1238BC0021448C /* SmaSmaUITests */ = {
			isa = PBXGroup;
			children = (
				08C66A7C1E1238BC0021448C /* SmaSmaUITests.swift */,
				08C66A7E1E1238BC0021448C /* Info.plist */,
			);
			path = SmaSmaUITests;
			sourceTree = "<group>";
		};
		08C66ACF1E123E630021448C /* Frameworks */ = {
			isa = PBXGroup;
			children = (
				08702DE41F6A845D0095A648 /* BleFormatter.xcodeproj */,
			);
			name = Frameworks;
			sourceTree = "<group>";
		};
/* End PBXGroup section */

/* Begin PBXNativeTarget section */
		08C66A581E1238BC0021448C /* SmaSma */ = {
			isa = PBXNativeTarget;
			buildConfigurationList = 08C66A811E1238BC0021448C /* Build configuration list for PBXNativeTarget "SmaSma" */;
			buildPhases = (
				08C66A551E1238BC0021448C /* Sources */,
				08C66A561E1238BC0021448C /* Frameworks */,
				08C66A571E1238BC0021448C /* Resources */,
				08F9F2701E1252EF0064515D /* Embed Frameworks */,
			);
			buildRules = (
			);
			dependencies = (
				08702DF01F6A84CB0095A648 /* PBXTargetDependency */,
			);
			name = SmaSma;
			productName = SmaSma;
			productReference = 08C66A591E1238BC0021448C /* SmaSma.app */;
			productType = "com.apple.product-type.application";
		};
		08C66A6C1E1238BC0021448C /* SmaSmaTests */ = {
			isa = PBXNativeTarget;
			buildConfigurationList = 08C66A841E1238BC0021448C /* Build configuration list for PBXNativeTarget "SmaSmaTests" */;
			buildPhases = (
				08C66A691E1238BC0021448C /* Sources */,
				08C66A6A1E1238BC0021448C /* Frameworks */,
				08C66A6B1E1238BC0021448C /* Resources */,
			);
			buildRules = (
			);
			dependencies = (
				08C66A6F1E1238BC0021448C /* PBXTargetDependency */,
			);
			name = SmaSmaTests;
			productName = SmaSmaTests;
			productReference = 08C66A6D1E1238BC0021448C /* SmaSmaTests.xctest */;
			productType = "com.apple.product-type.bundle.unit-test";
		};
		08C66A771E1238BC0021448C /* SmaSmaUITests */ = {
			isa = PBXNativeTarget;
			buildConfigurationList = 08C66A871E1238BC0021448C /* Build configuration list for PBXNativeTarget "SmaSmaUITests" */;
			buildPhases = (
				08C66A741E1238BC0021448C /* Sources */,
				08C66A751E1238BC0021448C /* Frameworks */,
				08C66A761E1238BC0021448C /* Resources */,
			);
			buildRules = (
			);
			dependencies = (
				08C66A7A1E1238BC0021448C /* PBXTargetDependency */,
			);
			name = SmaSmaUITests;
			productName = SmaSmaUITests;
			productReference = 08C66A781E1238BC0021448C /* SmaSmaUITests.xctest */;
			productType = "com.apple.product-type.bundle.ui-testing";
		};
/* End PBXNativeTarget section */

/* Begin PBXProject section */
		08C66A511E1238BC0021448C /* Project object */ = {
			isa = PBXProject;
			attributes = {
				LastSwiftUpdateCheck = 0820;
				LastUpgradeCheck = 0820;
				ORGANIZATIONNAME = ADK114019;
				TargetAttributes = {
					08C66A581E1238BC0021448C = {
						CreatedOnToolsVersion = 8.2;
						DevelopmentTeam = 4Q82897S4S;
						ProvisioningStyle = Automatic;
					};
					08C66A6C1E1238BC0021448C = {
						CreatedOnToolsVersion = 8.2;
						DevelopmentTeam = 6X2JS9YAAQ;
						ProvisioningStyle = Automatic;
						TestTargetID = 08C66A581E1238BC0021448C;
					};
					08C66A771E1238BC0021448C = {
						CreatedOnToolsVersion = 8.2;
						DevelopmentTeam = 6X2JS9YAAQ;
						ProvisioningStyle = Automatic;
						TestTargetID = 08C66A581E1238BC0021448C;
					};
				};
			};
			buildConfigurationList = 08C66A541E1238BC0021448C /* Build configuration list for PBXProject "SmaSma" */;
			compatibilityVersion = "Xcode 3.2";
			developmentRegion = English;
			hasScannedForEncodings = 0;
			knownRegions = (
				en,
				Base,
			);
			mainGroup = 08C66A501E1238BC0021448C;
			productRefGroup = 08C66A5A1E1238BC0021448C /* Products */;
			projectDirPath = "";
			projectReferences = (
				{
					ProductGroup = 08702DE51F6A845D0095A648 /* Products */;
					ProjectRef = 08702DE41F6A845D0095A648 /* BleFormatter.xcodeproj */;
				},
			);
			projectRoot = "";
			targets = (
				08C66A581E1238BC0021448C /* SmaSma */,
				08C66A6C1E1238BC0021448C /* SmaSmaTests */,
				08C66A771E1238BC0021448C /* SmaSmaUITests */,
			);
		};
/* End PBXProject section */

/* Begin PBXReferenceProxy section */
		08702DEA1F6A845D0095A648 /* BleFormatter.framework */ = {
			isa = PBXReferenceProxy;
			fileType = wrapper.framework;
			path = BleFormatter.framework;
			remoteRef = 08702DE91F6A845D0095A648 /* PBXContainerItemProxy */;
			sourceTree = BUILT_PRODUCTS_DIR;
		};
		08702DEC1F6A845D0095A648 /* BleFormatterTests.xctest */ = {
			isa = PBXReferenceProxy;
			fileType = wrapper.cfbundle;
			path = BleFormatterTests.xctest;
			remoteRef = 08702DEB1F6A845D0095A648 /* PBXContainerItemProxy */;
			sourceTree = BUILT_PRODUCTS_DIR;
		};
/* End PBXReferenceProxy section */

/* Begin PBXResourcesBuildPhase section */
		08C66A571E1238BC0021448C /* Resources */ = {
			isa = PBXResourcesBuildPhase;
			buildActionMask = 2147483647;
			files = (
				08C66A671E1238BC0021448C /* LaunchScreen.storyboard in Resources */,
				08C66A641E1238BC0021448C /* Assets.xcassets in Resources */,
				08C66A621E1238BC0021448C /* Main.storyboard in Resources */,
			);
			runOnlyForDeploymentPostprocessing = 0;
		};
		08C66A6B1E1238BC0021448C /* Resources */ = {
			isa = PBXResourcesBuildPhase;
			buildActionMask = 2147483647;
			files = (
			);
			runOnlyForDeploymentPostprocessing = 0;
		};
		08C66A761E1238BC0021448C /* Resources */ = {
			isa = PBXResourcesBuildPhase;
			buildActionMask = 2147483647;
			files = (
			);
			runOnlyForDeploymentPostprocessing = 0;
		};
/* End PBXResourcesBuildPhase section */

/* Begin PBXSourcesBuildPhase section */
		08C66A551E1238BC0021448C /* Sources */ = {
			isa = PBXSourcesBuildPhase;
			buildActionMask = 2147483647;
			files = (
				08C66A5F1E1238BC0021448C /* ViewController.swift in Sources */,
				08C66A5D1E1238BC0021448C /* AppDelegate.swift in Sources */,
			);
			runOnlyForDeploymentPostprocessing = 0;
		};
		08C66A691E1238BC0021448C /* Sources */ = {
			isa = PBXSourcesBuildPhase;
			buildActionMask = 2147483647;
			files = (
				08C66A721E1238BC0021448C /* SmaSmaTests.swift in Sources */,
			);
			runOnlyForDeploymentPostprocessing = 0;
		};
		08C66A741E1238BC0021448C /* Sources */ = {
			isa = PBXSourcesBuildPhase;
			buildActionMask = 2147483647;
			files = (
				08C66A7D1E1238BC0021448C /* SmaSmaUITests.swift in Sources */,
			);
			runOnlyForDeploymentPostprocessing = 0;
		};
/* End PBXSourcesBuildPhase section */

/* Begin PBXTargetDependency section */
		08702DF01F6A84CB0095A648 /* PBXTargetDependency */ = {
			isa = PBXTargetDependency;
			name = BleFormatter;
			targetProxy = 08702DEF1F6A84CB0095A648 /* PBXContainerItemProxy */;
		};
		08C66A6F1E1238BC0021448C /* PBXTargetDependency */ = {
			isa = PBXTargetDependency;
			target = 08C66A581E1238BC0021448C /* SmaSma */;
			targetProxy = 08C66A6E1E1238BC0021448C /* PBXContainerItemProxy */;
		};
		08C66A7A1E1238BC0021448C /* PBXTargetDependency */ = {
			isa = PBXTargetDependency;
			target = 08C66A581E1238BC0021448C /* SmaSma */;
			targetProxy = 08C66A791E1238BC0021448C /* PBXContainerItemProxy */;
		};
/* End PBXTargetDependency section */

/* Begin PBXVariantGroup section */
		08C66A601E1238BC0021448C /* Main.storyboard */ = {
			isa = PBXVariantGroup;
			children = (
				08C66A611E1238BC0021448C /* Base */,
			);
			name = Main.storyboard;
			sourceTree = "<group>";
		};
		08C66A651E1238BC0021448C /* LaunchScreen.storyboard */ = {
			isa = PBXVariantGroup;
			children = (
				08C66A661E1238BC0021448C /* Base */,
			);
			name = LaunchScreen.storyboard;
			sourceTree = "<group>";
		};
/* End PBXVariantGroup section */

/* Begin XCBuildConfiguration section */
		08C66A7F1E1238BC0021448C /* Debug */ = {
			isa = XCBuildConfiguration;
			buildSettings = {
				ALWAYS_SEARCH_USER_PATHS = NO;
				CLANG_ANALYZER_NONNULL = YES;
				CLANG_CXX_LANGUAGE_STANDARD = "gnu++0x";
				CLANG_CXX_LIBRARY = "libc++";
				CLANG_ENABLE_MODULES = YES;
				CLANG_ENABLE_OBJC_ARC = YES;
				CLANG_WARN_BOOL_CONVERSION = YES;
				CLANG_WARN_CONSTANT_CONVERSION = YES;
				CLANG_WARN_DIRECT_OBJC_ISA_USAGE = YES_ERROR;
				CLANG_WARN_DOCUMENTATION_COMMENTS = YES;
				CLANG_WARN_EMPTY_BODY = YES;
				CLANG_WARN_ENUM_CONVERSION = YES;
				CLANG_WARN_INFINITE_RECURSION = YES;
				CLANG_WARN_INT_CONVERSION = YES;
				CLANG_WARN_OBJC_ROOT_CLASS = YES_ERROR;
				CLANG_WARN_SUSPICIOUS_MOVE = YES;
				CLANG_WARN_UNREACHABLE_CODE = YES;
				CLANG_WARN__DUPLICATE_METHOD_MATCH = YES;
				"CODE_SIGN_IDENTITY[sdk=iphoneos*]" = "iPhone Developer";
				COPY_PHASE_STRIP = NO;
				DEBUG_INFORMATION_FORMAT = dwarf;
				ENABLE_STRICT_OBJC_MSGSEND = YES;
				ENABLE_TESTABILITY = YES;
				GCC_C_LANGUAGE_STANDARD = gnu99;
				GCC_DYNAMIC_NO_PIC = NO;
				GCC_NO_COMMON_BLOCKS = YES;
				GCC_OPTIMIZATION_LEVEL = 0;
				GCC_PREPROCESSOR_DEFINITIONS = (
					"DEBUG=1",
					"$(inherited)",
				);
				GCC_WARN_64_TO_32_BIT_CONVERSION = YES;
				GCC_WARN_ABOUT_RETURN_TYPE = YES_ERROR;
				GCC_WARN_UNDECLARED_SELECTOR = YES;
				GCC_WARN_UNINITIALIZED_AUTOS = YES_AGGRESSIVE;
				GCC_WARN_UNUSED_FUNCTION = YES;
				GCC_WARN_UNUSED_VARIABLE = YES;
				IPHONEOS_DEPLOYMENT_TARGET = 9.3;
				MTL_ENABLE_DEBUG_INFO = YES;
				ONLY_ACTIVE_ARCH = YES;
				SDKROOT = iphoneos;
				SWIFT_ACTIVE_COMPILATION_CONDITIONS = DEBUG;
				SWIFT_OPTIMIZATION_LEVEL = "-Onone";
				TARGETED_DEVICE_FAMILY = "1,2";
			};
			name = Debug;
		};
		08C66A801E1238BC0021448C /* Release */ = {
			isa = XCBuildConfiguration;
			buildSettings = {
				ALWAYS_SEARCH_USER_PATHS = NO;
				CLANG_ANALYZER_NONNULL = YES;
				CLANG_CXX_LANGUAGE_STANDARD = "gnu++0x";
				CLANG_CXX_LIBRARY = "libc++";
				CLANG_ENABLE_MODULES = YES;
				CLANG_ENABLE_OBJC_ARC = YES;
				CLANG_WARN_BOOL_CONVERSION = YES;
				CLANG_WARN_CONSTANT_CONVERSION = YES;
				CLANG_WARN_DIRECT_OBJC_ISA_USAGE = YES_ERROR;
				CLANG_WARN_DOCUMENTATION_COMMENTS = YES;
				CLANG_WARN_EMPTY_BODY = YES;
				CLANG_WARN_ENUM_CONVERSION = YES;
				CLANG_WARN_INFINITE_RECURSION = YES;
				CLANG_WARN_INT_CONVERSION = YES;
				CLANG_WARN_OBJC_ROOT_CLASS = YES_ERROR;
				CLANG_WARN_SUSPICIOUS_MOVE = YES;
				CLANG_WARN_UNREACHABLE_CODE = YES;
				CLANG_WARN__DUPLICATE_METHOD_MATCH = YES;
				"CODE_SIGN_IDENTITY[sdk=iphoneos*]" = "iPhone Developer";
				COPY_PHASE_STRIP = NO;
				DEBUG_INFORMATION_FORMAT = "dwarf-with-dsym";
				ENABLE_NS_ASSERTIONS = NO;
				ENABLE_STRICT_OBJC_MSGSEND = YES;
				GCC_C_LANGUAGE_STANDARD = gnu99;
				GCC_NO_COMMON_BLOCKS = YES;
				GCC_WARN_64_TO_32_BIT_CONVERSION = YES;
				GCC_WARN_ABOUT_RETURN_TYPE = YES_ERROR;
				GCC_WARN_UNDECLARED_SELECTOR = YES;
				GCC_WARN_UNINITIALIZED_AUTOS = YES_AGGRESSIVE;
				GCC_WARN_UNUSED_FUNCTION = YES;
				GCC_WARN_UNUSED_VARIABLE = YES;
				IPHONEOS_DEPLOYMENT_TARGET = 9.3;
				MTL_ENABLE_DEBUG_INFO = NO;
				SDKROOT = iphoneos;
				SWIFT_OPTIMIZATION_LEVEL = "-Owholemodule";
				TARGETED_DEVICE_FAMILY = "1,2";
				VALIDATE_PRODUCT = YES;
			};
			name = Release;
		};
		08C66A821E1238BC0021448C /* Debug */ = {
			isa = XCBuildConfiguration;
			buildSettings = {
				ALWAYS_EMBED_SWIFT_STANDARD_LIBRARIES = YES;
				ASSETCATALOG_COMPILER_APPICON_NAME = AppIcon;
				"CODE_SIGN_IDENTITY[sdk=iphoneos*]" = "iPhone Developer";
				DEVELOPMENT_TEAM = 4Q82897S4S;
				INFOPLIST_FILE = SmaSma/Info.plist;
				LD_RUNPATH_SEARCH_PATHS = "$(inherited) @executable_path/Frameworks";
				PRODUCT_BUNDLE_IDENTIFIER = "jp.co.canon-soft.SmaSma";
				PRODUCT_NAME = "$(TARGET_NAME)";
				PROVISIONING_PROFILE_SPECIFIER = "";
				SWIFT_VERSION = 3.0;
			};
			name = Debug;
		};
		08C66A831E1238BC0021448C /* Release */ = {
			isa = XCBuildConfiguration;
			buildSettings = {
				ALWAYS_EMBED_SWIFT_STANDARD_LIBRARIES = YES;
				ASSETCATALOG_COMPILER_APPICON_NAME = AppIcon;
				"CODE_SIGN_IDENTITY[sdk=iphoneos*]" = "iPhone Developer";
				DEVELOPMENT_TEAM = 4Q82897S4S;
				INFOPLIST_FILE = SmaSma/Info.plist;
				LD_RUNPATH_SEARCH_PATHS = "$(inherited) @executable_path/Frameworks";
				PRODUCT_BUNDLE_IDENTIFIER = "jp.co.canon-soft.SmaSma";
				PRODUCT_NAME = "$(TARGET_NAME)";
				PROVISIONING_PROFILE_SPECIFIER = "";
				SWIFT_VERSION = 3.0;
			};
			name = Release;
		};
		08C66A851E1238BC0021448C /* Debug */ = {
			isa = XCBuildConfiguration;
			buildSettings = {
				ALWAYS_EMBED_SWIFT_STANDARD_LIBRARIES = YES;
				BUNDLE_LOADER = "$(TEST_HOST)";
				DEVELOPMENT_TEAM = 6X2JS9YAAQ;
				INFOPLIST_FILE = SmaSmaTests/Info.plist;
				LD_RUNPATH_SEARCH_PATHS = "$(inherited) @executable_path/Frameworks @loader_path/Frameworks";
				PRODUCT_BUNDLE_IDENTIFIER = "jp.co.canon-soft.SmaSmaTests";
				PRODUCT_NAME = "$(TARGET_NAME)";
				SWIFT_VERSION = 3.0;
				TEST_HOST = "$(BUILT_PRODUCTS_DIR)/SmaSma.app/SmaSma";
			};
			name = Debug;
		};
		08C66A861E1238BC0021448C /* Release */ = {
			isa = XCBuildConfiguration;
			buildSettings = {
				ALWAYS_EMBED_SWIFT_STANDARD_LIBRARIES = YES;
				BUNDLE_LOADER = "$(TEST_HOST)";
				DEVELOPMENT_TEAM = 6X2JS9YAAQ;
				INFOPLIST_FILE = SmaSmaTests/Info.plist;
				LD_RUNPATH_SEARCH_PATHS = "$(inherited) @executable_path/Frameworks @loader_path/Frameworks";
				PRODUCT_BUNDLE_IDENTIFIER = "jp.co.canon-soft.SmaSmaTests";
				PRODUCT_NAME = "$(TARGET_NAME)";
				SWIFT_VERSION = 3.0;
				TEST_HOST = "$(BUILT_PRODUCTS_DIR)/SmaSma.app/SmaSma";
			};
			name = Release;
		};
		08C66A881E1238BC0021448C /* Debug */ = {
			isa = XCBuildConfiguration;
			buildSettings = {
				ALWAYS_EMBED_SWIFT_STANDARD_LIBRARIES = YES;
				DEVELOPMENT_TEAM = 6X2JS9YAAQ;
				INFOPLIST_FILE = SmaSmaUITests/Info.plist;
				LD_RUNPATH_SEARCH_PATHS = "$(inherited) @executable_path/Frameworks @loader_path/Frameworks";
				PRODUCT_BUNDLE_IDENTIFIER = "jp.co.canon-soft.SmaSmaUITests";
				PRODUCT_NAME = "$(TARGET_NAME)";
				SWIFT_VERSION = 3.0;
				TEST_TARGET_NAME = SmaSma;
			};
			name = Debug;
		};
		08C66A891E1238BC0021448C /* Release */ = {
			isa = XCBuildConfiguration;
			buildSettings = {
				ALWAYS_EMBED_SWIFT_STANDARD_LIBRARIES = YES;
				DEVELOPMENT_TEAM = 6X2JS9YAAQ;
				INFOPLIST_FILE = SmaSmaUITests/Info.plist;
				LD_RUNPATH_SEARCH_PATHS = "$(inherited) @executable_path/Frameworks @loader_path/Frameworks";
				PRODUCT_BUNDLE_IDENTIFIER = "jp.co.canon-soft.SmaSmaUITests";
				PRODUCT_NAME = "$(TARGET_NAME)";
				SWIFT_VERSION = 3.0;
				TEST_TARGET_NAME = SmaSma;
			};
			name = Release;
		};
/* End XCBuildConfiguration section */

/* Begin XCConfigurationList section */
		08C66A541E1238BC0021448C /* Build configuration list for PBXProject "SmaSma" */ = {
			isa = XCConfigurationList;
			buildConfigurations = (
				08C66A7F1E1238BC0021448C /* Debug */,
				08C66A801E1238BC0021448C /* Release */,
			);
			defaultConfigurationIsVisible = 0;
			defaultConfigurationName = Release;
		};
		08C66A811E1238BC0021448C /* Build configuration list for PBXNativeTarget "SmaSma" */ = {
			isa = XCConfigurationList;
			buildConfigurations = (
				08C66A821E1238BC0021448C /* Debug */,
				08C66A831E1238BC0021448C /* Release */,
			);
			defaultConfigurationIsVisible = 0;
			defaultConfigurationName = Release;
		};
		08C66A841E1238BC0021448C /* Build configuration list for PBXNativeTarget "SmaSmaTests" */ = {
			isa = XCConfigurationList;
			buildConfigurations = (
				08C66A851E1238BC0021448C /* Debug */,
				08C66A861E1238BC0021448C /* Release */,
			);
			defaultConfigurationIsVisible = 0;
			defaultConfigurationName = Release;
		};
		08C66A871E1238BC0021448C /* Build configuration list for PBXNativeTarget "SmaSmaUITests" */ = {
			isa = XCConfigurationList;
			buildConfigurations = (
				08C66A881E1238BC0021448C /* Debug */,
				08C66A891E1238BC0021448C /* Release */,
			);
			defaultConfigurationIsVisible = 0;
			defaultConfigurationName = Release;
		};
/* End XCConfigurationList section */
	};
	rootObject = 08C66A511E1238BC0021448C /* Project object */;
}
